// !$*UTF8*$!
{
	archiveVersion = 1;
	classes = {
	};
	objectVersion = 55;
	objects = {

/* Begin PBXBuildFile section */
		5B045FA9281E2D8A00025151 /* AppDelegate.swift in Sources */ = {isa = PBXBuildFile; fileRef = 5B045FA8281E2D8A00025151 /* AppDelegate.swift */; };
		5B045FAD281E2D8A00025151 /* HomeVC.swift in Sources */ = {isa = PBXBuildFile; fileRef = 5B045FAC281E2D8A00025151 /* HomeVC.swift */; };
		5B045FB2281E2D8B00025151 /* Assets.xcassets in Resources */ = {isa = PBXBuildFile; fileRef = 5B045FB1281E2D8B00025151 /* Assets.xcassets */; };
		5B2EE168281F671A00E0337A /* Item.swift in Sources */ = {isa = PBXBuildFile; fileRef = 5B2EE167281F671A00E0337A /* Item.swift */; };
		5B2EE16D282021C000E0337A /* TableViewHeader.swift in Sources */ = {isa = PBXBuildFile; fileRef = 5B2EE16C282021C000E0337A /* TableViewHeader.swift */; };
		5B2EE16F28203AD300E0337A /* ItemTableViewCell.swift in Sources */ = {isa = PBXBuildFile; fileRef = 5B2EE16E28203AD300E0337A /* ItemTableViewCell.swift */; };
		5B2EE1712820A65400E0337A /* DetailVC.swift in Sources */ = {isa = PBXBuildFile; fileRef = 5B2EE1702820A65400E0337A /* DetailVC.swift */; };
		5B2EE173282188E000E0337A /* ItemDetailView.swift in Sources */ = {isa = PBXBuildFile; fileRef = 5B2EE172282188E000E0337A /* ItemDetailView.swift */; };
		5B2EE1772822C41E00E0337A /* ItemBottomView.swift in Sources */ = {isa = PBXBuildFile; fileRef = 5B2EE1762822C41E00E0337A /* ItemBottomView.swift */; };
		5B2EE1792822CBC400E0337A /* IngredientsView.swift in Sources */ = {isa = PBXBuildFile; fileRef = 5B2EE1782822CBC400E0337A /* IngredientsView.swift */; };
		5B2EE1C92829DFB500E0337A /* ItemDataSource.swift in Sources */ = {isa = PBXBuildFile; fileRef = 5B2EE1C82829DFB500E0337A /* ItemDataSource.swift */; };
		5B2EE1D4282B35AB00E0337A /* LogoView.swift in Sources */ = {isa = PBXBuildFile; fileRef = 5B2EE1D3282B35AB00E0337A /* LogoView.swift */; };
		5B2EE1E7282D59E000E0337A /* LayoutManager.swift in Sources */ = {isa = PBXBuildFile; fileRef = 5B2EE1E6282D59E000E0337A /* LayoutManager.swift */; };
		5B2EE1E9282D724300E0337A /* ItemCollectionViewCell.swift in Sources */ = {isa = PBXBuildFile; fileRef = 5B2EE1E8282D724300E0337A /* ItemCollectionViewCell.swift */; };
		5B2EE1EB282D72E000E0337A /* PairingsVC.swift in Sources */ = {isa = PBXBuildFile; fileRef = 5B2EE1EA282D72E000E0337A /* PairingsVC.swift */; };
		5B380B98283B0D6A00552B2B /* Log.swift in Sources */ = {isa = PBXBuildFile; fileRef = 5B380B97283B0D6A00552B2B /* Log.swift */; };
		5B516618284DACE700744B53 /* Items.json in Resources */ = {isa = PBXBuildFile; fileRef = 5B516617284DACE700744B53 /* Items.json */; };
/* End PBXBuildFile section */

/* Begin PBXFileReference section */
		5B045FA5281E2D8A00025151 /* CoffeeShop.app */ = {isa = PBXFileReference; explicitFileType = wrapper.application; includeInIndex = 0; path = CoffeeShop.app; sourceTree = BUILT_PRODUCTS_DIR; };
		5B045FA8281E2D8A00025151 /* AppDelegate.swift */ = {isa = PBXFileReference; lastKnownFileType = sourcecode.swift; path = AppDelegate.swift; sourceTree = "<group>"; };
		5B045FAC281E2D8A00025151 /* HomeVC.swift */ = {isa = PBXFileReference; lastKnownFileType = sourcecode.swift; path = HomeVC.swift; sourceTree = "<group>"; };
		5B045FB1281E2D8B00025151 /* Assets.xcassets */ = {isa = PBXFileReference; lastKnownFileType = folder.assetcatalog; path = Assets.xcassets; sourceTree = "<group>"; };
		5B045FB6281E2D8B00025151 /* Info.plist */ = {isa = PBXFileReference; lastKnownFileType = text.plist.xml; path = Info.plist; sourceTree = "<group>"; };
		5B2EE167281F671A00E0337A /* Item.swift */ = {isa = PBXFileReference; lastKnownFileType = sourcecode.swift; path = Item.swift; sourceTree = "<group>"; };
		5B2EE16C282021C000E0337A /* TableViewHeader.swift */ = {isa = PBXFileReference; lastKnownFileType = sourcecode.swift; path = TableViewHeader.swift; sourceTree = "<group>"; };
		5B2EE16E28203AD300E0337A /* ItemTableViewCell.swift */ = {isa = PBXFileReference; lastKnownFileType = sourcecode.swift; path = ItemTableViewCell.swift; sourceTree = "<group>"; };
		5B2EE1702820A65400E0337A /* DetailVC.swift */ = {isa = PBXFileReference; lastKnownFileType = sourcecode.swift; name = DetailVC.swift; path = CoffeeShop/Screen/Details/Cotroller/DetailVC.swift; sourceTree = SOURCE_ROOT; };
		5B2EE172282188E000E0337A /* ItemDetailView.swift */ = {isa = PBXFileReference; lastKnownFileType = sourcecode.swift; path = ItemDetailView.swift; sourceTree = "<group>"; };
		5B2EE1762822C41E00E0337A /* ItemBottomView.swift */ = {isa = PBXFileReference; lastKnownFileType = sourcecode.swift; path = ItemBottomView.swift; sourceTree = "<group>"; };
		5B2EE1782822CBC400E0337A /* IngredientsView.swift */ = {isa = PBXFileReference; lastKnownFileType = sourcecode.swift; path = IngredientsView.swift; sourceTree = "<group>"; };
		5B2EE1C82829DFB500E0337A /* ItemDataSource.swift */ = {isa = PBXFileReference; lastKnownFileType = sourcecode.swift; path = ItemDataSource.swift; sourceTree = "<group>"; };
		5B2EE1D3282B35AB00E0337A /* LogoView.swift */ = {isa = PBXFileReference; lastKnownFileType = sourcecode.swift; path = LogoView.swift; sourceTree = "<group>"; };
		5B2EE1E6282D59E000E0337A /* LayoutManager.swift */ = {isa = PBXFileReference; lastKnownFileType = sourcecode.swift; path = LayoutManager.swift; sourceTree = "<group>"; };
		5B2EE1E8282D724300E0337A /* ItemCollectionViewCell.swift */ = {isa = PBXFileReference; lastKnownFileType = sourcecode.swift; path = ItemCollectionViewCell.swift; sourceTree = "<group>"; };
		5B2EE1EA282D72E000E0337A /* PairingsVC.swift */ = {isa = PBXFileReference; lastKnownFileType = sourcecode.swift; path = PairingsVC.swift; sourceTree = "<group>"; };
		5B380B97283B0D6A00552B2B /* Log.swift */ = {isa = PBXFileReference; lastKnownFileType = sourcecode.swift; path = Log.swift; sourceTree = "<group>"; };
		5B516617284DACE700744B53 /* Items.json */ = {isa = PBXFileReference; lastKnownFileType = text.json; path = Items.json; sourceTree = "<group>"; };
/* End PBXFileReference section */

/* Begin PBXFrameworksBuildPhase section */
		5B045FA2281E2D8A00025151 /* Frameworks */ = {
			isa = PBXFrameworksBuildPhase;
			buildActionMask = 2147483647;
			files = (
			);
			runOnlyForDeploymentPostprocessing = 0;
		};
/* End PBXFrameworksBuildPhase section */

/* Begin PBXGroup section */
		5B045F9C281E2D8A00025151 = {
			isa = PBXGroup;
			children = (
				5B045FA7281E2D8A00025151 /* CoffeeShop */,
				5B045FA6281E2D8A00025151 /* Products */,
			);
			sourceTree = "<group>";
		};
		5B045FA6281E2D8A00025151 /* Products */ = {
			isa = PBXGroup;
			children = (
				5B045FA5281E2D8A00025151 /* CoffeeShop.app */,
			);
			name = Products;
			sourceTree = "<group>";
		};
		5B045FA7281E2D8A00025151 /* CoffeeShop */ = {
			isa = PBXGroup;
			children = (
				5B045FA8281E2D8A00025151 /* AppDelegate.swift */,
				5B2EE166281F66F100E0337A /* Model */,
				5B2EE16B281F6E9100E0337A /* View */,
				5B516619284EF3C200744B53 /* Screen */,
				5B045FBC281E2DC000025151 /* Support */,
			);
			path = CoffeeShop;
			sourceTree = "<group>";
		};
		5B045FBC281E2DC000025151 /* Support */ = {
			isa = PBXGroup;
			children = (
				5B045FB1281E2D8B00025151 /* Assets.xcassets */,
				5B045FB6281E2D8B00025151 /* Info.plist */,
				5B380B97283B0D6A00552B2B /* Log.swift */,
				5B516617284DACE700744B53 /* Items.json */,
			);
			path = Support;
			sourceTree = "<group>";
		};
		5B2EE166281F66F100E0337A /* Model */ = {
			isa = PBXGroup;
			children = (
				5B2EE167281F671A00E0337A /* Item.swift */,
				5B2EE1C82829DFB500E0337A /* ItemDataSource.swift */,
			);
			path = Model;
			sourceTree = "<group>";
		};
		5B2EE16B281F6E9100E0337A /* View */ = {
			isa = PBXGroup;
			children = (
				5B2EE1E6282D59E000E0337A /* LayoutManager.swift */,
			);
			path = View;
			sourceTree = "<group>";
		};
		5B516619284EF3C200744B53 /* Screen */ = {
			isa = PBXGroup;
			children = (
				5B51661A284EF3D100744B53 /* Home */,
				5B51661D284EF40A00744B53 /* Details */,
			);
			path = Screen;
			sourceTree = "<group>";
		};
		5B51661A284EF3D100744B53 /* Home */ = {
			isa = PBXGroup;
			children = (
				5B51661C284EF3E100744B53 /* View */,
				5B51661B284EF3D800744B53 /* Cotroller */,
			);
			path = Home;
			sourceTree = "<group>";
		};
		5B51661B284EF3D800744B53 /* Cotroller */ = {
			isa = PBXGroup;
			children = (
				5B045FAC281E2D8A00025151 /* HomeVC.swift */,
			);
			path = Cotroller;
			sourceTree = "<group>";
		};
		5B51661C284EF3E100744B53 /* View */ = {
			isa = PBXGroup;
			children = (
				5B2EE1D3282B35AB00E0337A /* LogoView.swift */,
				5B2EE16C282021C000E0337A /* TableViewHeader.swift */,
				5B2EE16E28203AD300E0337A /* ItemTableViewCell.swift */,
			);
			path = View;
			sourceTree = "<group>";
		};
		5B51661D284EF40A00744B53 /* Details */ = {
			isa = PBXGroup;
			children = (
				5B51661E284EF40A00744B53 /* View */,
				5B516620284EF40A00744B53 /* Cotroller */,
			);
			path = Details;
			sourceTree = "<group>";
		};
		5B51661E284EF40A00744B53 /* View */ = {
			isa = PBXGroup;
			children = (
				5B2EE172282188E000E0337A /* ItemDetailView.swift */,
				5B2EE1762822C41E00E0337A /* ItemBottomView.swift */,
				5B2EE1782822CBC400E0337A /* IngredientsView.swift */,
				5B2EE1E8282D724300E0337A /* ItemCollectionViewCell.swift */,
			);
			path = View;
			sourceTree = "<group>";
		};
		5B516620284EF40A00744B53 /* Cotroller */ = {
			isa = PBXGroup;
			children = (
				5B2EE1702820A65400E0337A /* DetailVC.swift */,
				5B2EE1EA282D72E000E0337A /* PairingsVC.swift */,
			);
			path = Cotroller;
			sourceTree = "<group>";
		};
/* End PBXGroup section */

/* Begin PBXNativeTarget section */
		5B045FA4281E2D8A00025151 /* CoffeeShop */ = {
			isa = PBXNativeTarget;
			buildConfigurationList = 5B045FB9281E2D8B00025151 /* Build configuration list for PBXNativeTarget "CoffeeShop" */;
			buildPhases = (
				5B045FA1281E2D8A00025151 /* Sources */,
				5B045FA2281E2D8A00025151 /* Frameworks */,
				5B045FA3281E2D8A00025151 /* Resources */,
			);
			buildRules = (
			);
			dependencies = (
			);
			name = CoffeeShop;
			productName = CoffeeShop;
			productReference = 5B045FA5281E2D8A00025151 /* CoffeeShop.app */;
			productType = "com.apple.product-type.application";
		};
/* End PBXNativeTarget section */

/* Begin PBXProject section */
		5B045F9D281E2D8A00025151 /* Project object */ = {
			isa = PBXProject;
			attributes = {
				BuildIndependentTargetsInParallel = 1;
				LastSwiftUpdateCheck = 1330;
				LastUpgradeCheck = 1330;
				TargetAttributes = {
					5B045FA4281E2D8A00025151 = {
						CreatedOnToolsVersion = 13.3.1;
					};
				};
			};
			buildConfigurationList = 5B045FA0281E2D8A00025151 /* Build configuration list for PBXProject "CoffeeShop" */;
			compatibilityVersion = "Xcode 13.0";
			developmentRegion = en;
			hasScannedForEncodings = 0;
			knownRegions = (
				en,
				Base,
			);
			mainGroup = 5B045F9C281E2D8A00025151;
			productRefGroup = 5B045FA6281E2D8A00025151 /* Products */;
			projectDirPath = "";
			projectRoot = "";
			targets = (
				5B045FA4281E2D8A00025151 /* CoffeeShop */,
			);
		};
/* End PBXProject section */

/* Begin PBXResourcesBuildPhase section */
		5B045FA3281E2D8A00025151 /* Resources */ = {
			isa = PBXResourcesBuildPhase;
			buildActionMask = 2147483647;
			files = (
				5B516618284DACE700744B53 /* Items.json in Resources */,
				5B045FB2281E2D8B00025151 /* Assets.xcassets in Resources */,
			);
			runOnlyForDeploymentPostprocessing = 0;
		};
/* End PBXResourcesBuildPhase section */

/* Begin PBXSourcesBuildPhase section */
		5B045FA1281E2D8A00025151 /* Sources */ = {
			isa = PBXSourcesBuildPhase;
			buildActionMask = 2147483647;
			files = (
				5B2EE1E7282D59E000E0337A /* LayoutManager.swift in Sources */,
				5B2EE1EB282D72E000E0337A /* PairingsVC.swift in Sources */,
				5B380B98283B0D6A00552B2B /* Log.swift in Sources */,
				5B2EE16D282021C000E0337A /* TableViewHeader.swift in Sources */,
				5B045FAD281E2D8A00025151 /* HomeVC.swift in Sources */,
				5B2EE1D4282B35AB00E0337A /* LogoView.swift in Sources */,
				5B2EE173282188E000E0337A /* ItemDetailView.swift in Sources */,
				5B2EE16F28203AD300E0337A /* ItemTableViewCell.swift in Sources */,
				5B2EE1792822CBC400E0337A /* IngredientsView.swift in Sources */,
				5B2EE168281F671A00E0337A /* Item.swift in Sources */,
				5B045FA9281E2D8A00025151 /* AppDelegate.swift in Sources */,
				5B2EE1712820A65400E0337A /* DetailVC.swift in Sources */,
				5B2EE1772822C41E00E0337A /* ItemBottomView.swift in Sources */,
				5B2EE1C92829DFB500E0337A /* ItemDataSource.swift in Sources */,
				5B2EE1E9282D724300E0337A /* ItemCollectionViewCell.swift in Sources */,
			);
			runOnlyForDeploymentPostprocessing = 0;
		};
/* End PBXSourcesBuildPhase section */

/* Begin XCBuildConfiguration section */
		5B045FB7281E2D8B00025151 /* Debug */ = {
			isa = XCBuildConfiguration;
			buildSettings = {
				ALWAYS_SEARCH_USER_PATHS = NO;
				CLANG_ANALYZER_NONNULL = YES;
				CLANG_ANALYZER_NUMBER_OBJECT_CONVERSION = YES_AGGRESSIVE;
				CLANG_CXX_LANGUAGE_STANDARD = "gnu++17";
				CLANG_ENABLE_MODULES = YES;
				CLANG_ENABLE_OBJC_ARC = YES;
				CLANG_ENABLE_OBJC_WEAK = YES;
				CLANG_WARN_BLOCK_CAPTURE_AUTORELEASING = YES;
				CLANG_WARN_BOOL_CONVERSION = YES;
				CLANG_WARN_COMMA = YES;
				CLANG_WARN_CONSTANT_CONVERSION = YES;
				CLANG_WARN_DEPRECATED_OBJC_IMPLEMENTATIONS = YES;
				CLANG_WARN_DIRECT_OBJC_ISA_USAGE = YES_ERROR;
				CLANG_WARN_DOCUMENTATION_COMMENTS = YES;
				CLANG_WARN_EMPTY_BODY = YES;
				CLANG_WARN_ENUM_CONVERSION = YES;
				CLANG_WARN_INFINITE_RECURSION = YES;
				CLANG_WARN_INT_CONVERSION = YES;
				CLANG_WARN_NON_LITERAL_NULL_CONVERSION = YES;
				CLANG_WARN_OBJC_IMPLICIT_RETAIN_SELF = YES;
				CLANG_WARN_OBJC_LITERAL_CONVERSION = YES;
				CLANG_WARN_OBJC_ROOT_CLASS = YES_ERROR;
				CLANG_WARN_QUOTED_INCLUDE_IN_FRAMEWORK_HEADER = YES;
				CLANG_WARN_RANGE_LOOP_ANALYSIS = YES;
				CLANG_WARN_STRICT_PROTOTYPES = YES;
				CLANG_WARN_SUSPICIOUS_MOVE = YES;
				CLANG_WARN_UNGUARDED_AVAILABILITY = YES_AGGRESSIVE;
				CLANG_WARN_UNREACHABLE_CODE = YES;
				CLANG_WARN__DUPLICATE_METHOD_MATCH = YES;
				COPY_PHASE_STRIP = NO;
				DEBUG_INFORMATION_FORMAT = dwarf;
				ENABLE_STRICT_OBJC_MSGSEND = YES;
				ENABLE_TESTABILITY = YES;
				GCC_C_LANGUAGE_STANDARD = gnu11;
				GCC_DYNAMIC_NO_PIC = NO;
				GCC_NO_COMMON_BLOCKS = YES;
				GCC_OPTIMIZATION_LEVEL = 0;
				GCC_PREPROCESSOR_DEFINITIONS = (
					"DEBUG=1",
					"$(inherited)",
				);
				GCC_WARN_64_TO_32_BIT_CONVERSION = YES;
				GCC_WARN_ABOUT_RETURN_TYPE = YES_ERROR;
				GCC_WARN_UNDECLARED_SELECTOR = YES;
				GCC_WARN_UNINITIALIZED_AUTOS = YES_AGGRESSIVE;
				GCC_WARN_UNUSED_FUNCTION = YES;
				GCC_WARN_UNUSED_VARIABLE = YES;
				IPHONEOS_DEPLOYMENT_TARGET = 15.4;
				MTL_ENABLE_DEBUG_INFO = INCLUDE_SOURCE;
				MTL_FAST_MATH = YES;
				ONLY_ACTIVE_ARCH = YES;
				SDKROOT = iphoneos;
				SWIFT_ACTIVE_COMPILATION_CONDITIONS = DEBUG;
				SWIFT_OPTIMIZATION_LEVEL = "-Onone";
			};
			name = Debug;
		};
		5B045FB8281E2D8B00025151 /* Release */ = {
			isa = XCBuildConfiguration;
			buildSettings = {
				ALWAYS_SEARCH_USER_PATHS = NO;
				CLANG_ANALYZER_NONNULL = YES;
				CLANG_ANALYZER_NUMBER_OBJECT_CONVERSION = YES_AGGRESSIVE;
				CLANG_CXX_LANGUAGE_STANDARD = "gnu++17";
				CLANG_ENABLE_MODULES = YES;
				CLANG_ENABLE_OBJC_ARC = YES;
				CLANG_ENABLE_OBJC_WEAK = YES;
				CLANG_WARN_BLOCK_CAPTURE_AUTORELEASING = YES;
				CLANG_WARN_BOOL_CONVERSION = YES;
				CLANG_WARN_COMMA = YES;
				CLANG_WARN_CONSTANT_CONVERSION = YES;
				CLANG_WARN_DEPRECATED_OBJC_IMPLEMENTATIONS = YES;
				CLANG_WARN_DIRECT_OBJC_ISA_USAGE = YES_ERROR;
				CLANG_WARN_DOCUMENTATION_COMMENTS = YES;
				CLANG_WARN_EMPTY_BODY = YES;
				CLANG_WARN_ENUM_CONVERSION = YES;
				CLANG_WARN_INFINITE_RECURSION = YES;
				CLANG_WARN_INT_CONVERSION = YES;
				CLANG_WARN_NON_LITERAL_NULL_CONVERSION = YES;
				CLANG_WARN_OBJC_IMPLICIT_RETAIN_SELF = YES;
				CLANG_WARN_OBJC_LITERAL_CONVERSION = YES;
				CLANG_WARN_OBJC_ROOT_CLASS = YES_ERROR;
				CLANG_WARN_QUOTED_INCLUDE_IN_FRAMEWORK_HEADER = YES;
				CLANG_WARN_RANGE_LOOP_ANALYSIS = YES;
				CLANG_WARN_STRICT_PROTOTYPES = YES;
				CLANG_WARN_SUSPICIOUS_MOVE = YES;
				CLANG_WARN_UNGUARDED_AVAILABILITY = YES_AGGRESSIVE;
				CLANG_WARN_UNREACHABLE_CODE = YES;
				CLANG_WARN__DUPLICATE_METHOD_MATCH = YES;
				COPY_PHASE_STRIP = NO;
				DEBUG_INFORMATION_FORMAT = "dwarf-with-dsym";
				ENABLE_NS_ASSERTIONS = NO;
				ENABLE_STRICT_OBJC_MSGSEND = YES;
				GCC_C_LANGUAGE_STANDARD = gnu11;
				GCC_NO_COMMON_BLOCKS = YES;
				GCC_WARN_64_TO_32_BIT_CONVERSION = YES;
				GCC_WARN_ABOUT_RETURN_TYPE = YES_ERROR;
				GCC_WARN_UNDECLARED_SELECTOR = YES;
				GCC_WARN_UNINITIALIZED_AUTOS = YES_AGGRESSIVE;
				GCC_WARN_UNUSED_FUNCTION = YES;
				GCC_WARN_UNUSED_VARIABLE = YES;
				IPHONEOS_DEPLOYMENT_TARGET = 15.4;
				MTL_ENABLE_DEBUG_INFO = NO;
				MTL_FAST_MATH = YES;
				SDKROOT = iphoneos;
				SWIFT_COMPILATION_MODE = wholemodule;
				SWIFT_OPTIMIZATION_LEVEL = "-O";
				VALIDATE_PRODUCT = YES;
			};
			name = Release;
		};
		5B045FBA281E2D8B00025151 /* Debug */ = {
			isa = XCBuildConfiguration;
			buildSettings = {
				ASSETCATALOG_COMPILER_APPICON_NAME = AppIcon;
				ASSETCATALOG_COMPILER_GLOBAL_ACCENT_COLOR_NAME = AccentColor;
				CODE_SIGN_STYLE = Automatic;
				CURRENT_PROJECT_VERSION = 1;
				DEVELOPMENT_TEAM = L8LG57GFZD;
				GENERATE_INFOPLIST_FILE = YES;
				INFOPLIST_FILE = CoffeeShop/Support/Info.plist;
				INFOPLIST_KEY_UIApplicationSupportsIndirectInputEvents = YES;
				INFOPLIST_KEY_UILaunchStoryboardName = LaunchScreen;
				INFOPLIST_KEY_UISupportedInterfaceOrientations = UIInterfaceOrientationPortrait;
				INFOPLIST_KEY_UISupportedInterfaceOrientations_iPad = "UIInterfaceOrientationPortrait UIInterfaceOrientationPortraitUpsideDown UIInterfaceOrientationLandscapeLeft UIInterfaceOrientationLandscapeRight";
				INFOPLIST_KEY_UISupportedInterfaceOrientations_iPhone = "UIInterfaceOrientationPortrait UIInterfaceOrientationLandscapeLeft UIInterfaceOrientationLandscapeRight";
				LD_RUNPATH_SEARCH_PATHS = (
					"$(inherited)",
					"@executable_path/Frameworks",
				);
				MARKETING_VERSION = 1.0;
				PRODUCT_BUNDLE_IDENTIFIER = com.alekseykabishau.CoffeeShop;
				PRODUCT_NAME = "$(TARGET_NAME)";
				SWIFT_EMIT_LOC_STRINGS = YES;
				SWIFT_VERSION = 5.0;
				TARGETED_DEVICE_FAMILY = 1;
			};
			name = Debug;
		};
		5B045FBB281E2D8B00025151 /* Release */ = {
			isa = XCBuildConfiguration;
			buildSettings = {
				ASSETCATALOG_COMPILER_APPICON_NAME = AppIcon;
				ASSETCATALOG_COMPILER_GLOBAL_ACCENT_COLOR_NAME = AccentColor;
				CODE_SIGN_STYLE = Automatic;
				CURRENT_PROJECT_VERSION = 1;
				DEVELOPMENT_TEAM = L8LG57GFZD;
				GENERATE_INFOPLIST_FILE = YES;
				INFOPLIST_FILE = CoffeeShop/Support/Info.plist;
				INFOPLIST_KEY_UIApplicationSupportsIndirectInputEvents = YES;
				INFOPLIST_KEY_UILaunchStoryboardName = LaunchScreen;
				INFOPLIST_KEY_UISupportedInterfaceOrientations = UIInterfaceOrientationPortrait;
				INFOPLIST_KEY_UISupportedInterfaceOrientations_iPad = "UIInterfaceOrientationPortrait UIInterfaceOrientationPortraitUpsideDown UIInterfaceOrientationLandscapeLeft UIInterfaceOrientationLandscapeRight";
				INFOPLIST_KEY_UISupportedInterfaceOrientations_iPhone = "UIInterfaceOrientationPortrait UIInterfaceOrientationLandscapeLeft UIInterfaceOrientationLandscapeRight";
				LD_RUNPATH_SEARCH_PATHS = (
					"$(inherited)",
					"@executable_path/Frameworks",
				);
				MARKETING_VERSION = 1.0;
				PRODUCT_BUNDLE_IDENTIFIER = com.alekseykabishau.CoffeeShop;
				PRODUCT_NAME = "$(TARGET_NAME)";
				SWIFT_EMIT_LOC_STRINGS = YES;
				SWIFT_VERSION = 5.0;
				TARGETED_DEVICE_FAMILY = 1;
			};
			name = Release;
		};
/* End XCBuildConfiguration section */

/* Begin XCConfigurationList section */
		5B045FA0281E2D8A00025151 /* Build configuration list for PBXProject "CoffeeShop" */ = {
			isa = XCConfigurationList;
			buildConfigurations = (
				5B045FB7281E2D8B00025151 /* Debug */,
				5B045FB8281E2D8B00025151 /* Release */,
			);
			defaultConfigurationIsVisible = 0;
			defaultConfigurationName = Release;
		};
		5B045FB9281E2D8B00025151 /* Build configuration list for PBXNativeTarget "CoffeeShop" */ = {
			isa = XCConfigurationList;
			buildConfigurations = (
				5B045FBA281E2D8B00025151 /* Debug */,
				5B045FBB281E2D8B00025151 /* Release */,
			);
			defaultConfigurationIsVisible = 0;
			defaultConfigurationName = Release;
		};
/* End XCConfigurationList section */
	};
	rootObject = 5B045F9D281E2D8A00025151 /* Project object */;
}
